[ "ex_doc": {:git, "git://github.com/elixir-lang/ex_doc.git", "c13d10aaed19ef05c2c8362b9b555926e9770902", []},
  "httpotion": {:git, "git://github.com/myfreeweb/httpotion.git", "766defc394007abb511500f8f364c9d8cd1094c6", []},
  "ibrowse": {:git, "git://github.com/cmullaparthi/ibrowse.git", "866b0ff5aca229f1ef53653eabc8ed1720c13cd6", []},
  "jsonex": {:git, "git://github.com/marcelog/jsonex.git", "746c8492d66e130ee74cb2d857f8458fe3a2c0e2", [{:tag, "2.0"}]},
  "jsx": {:git, "git://github.com/talentdeficit/jsx.git", "cb14b92a228e51f7bdcaa7eb17f035e4a5c0b47d", [{:tag, "v1.3.3"}]} ]
